// !$*UTF8*$!
{
	archiveVersion = 1;
	classes = {
	};
	objectVersion = 56;
	objects = {

/* Begin PBXBuildFile section */
		F356E92E29CC9C5E00D90D5C /* AppDelegate.swift in Sources */ = {isa = PBXBuildFile; fileRef = F356E92D29CC9C5E00D90D5C /* AppDelegate.swift */; };
		F356E93029CC9C5E00D90D5C /* SceneDelegate.swift in Sources */ = {isa = PBXBuildFile; fileRef = F356E92F29CC9C5E00D90D5C /* SceneDelegate.swift */; };
		F356E93229CC9C5E00D90D5C /* ViewControllerFirstScreen.swift in Sources */ = {isa = PBXBuildFile; fileRef = F356E93129CC9C5E00D90D5C /* ViewControllerFirstScreen.swift */; };
		F356E93529CC9C5E00D90D5C /* Main.storyboard in Resources */ = {isa = PBXBuildFile; fileRef = F356E93329CC9C5E00D90D5C /* Main.storyboard */; };
		F356E93729CC9C6300D90D5C /* Assets.xcassets in Resources */ = {isa = PBXBuildFile; fileRef = F356E93629CC9C6300D90D5C /* Assets.xcassets */; };
		F356E93A29CC9C6300D90D5C /* LaunchScreen.storyboard in Resources */ = {isa = PBXBuildFile; fileRef = F356E93829CC9C6300D90D5C /* LaunchScreen.storyboard */; };
		F356E94229CCABE800D90D5C /* ViewControllerSecondScreen.swift in Sources */ = {isa = PBXBuildFile; fileRef = F356E94129CCABE800D90D5C /* ViewControllerSecondScreen.swift */; };
		F356E94829CCAE6100D90D5C /* HelveticaNeueCyr-Light.ttf in Resources */ = {isa = PBXBuildFile; fileRef = F356E94729CCAE6100D90D5C /* HelveticaNeueCyr-Light.ttf */; };
		F356E94A29CCAE9A00D90D5C /* HelveticaNeueCyr-Bold.ttf in Resources */ = {isa = PBXBuildFile; fileRef = F356E94929CCAE9A00D90D5C /* HelveticaNeueCyr-Bold.ttf */; };
		F356E94C29CCAF4800D90D5C /* Rubik-Medium.ttf in Resources */ = {isa = PBXBuildFile; fileRef = F356E94B29CCAF4800D90D5C /* Rubik-Medium.ttf */; };
		F356E94E29CCAF5500D90D5C /* Rubik-Regular.ttf in Resources */ = {isa = PBXBuildFile; fileRef = F356E94D29CCAF5500D90D5C /* Rubik-Regular.ttf */; };
/* End PBXBuildFile section */

/* Begin PBXFileReference section */
		F356E92A29CC9C5E00D90D5C /* Layout-Practise.app */ = {isa = PBXFileReference; explicitFileType = wrapper.application; includeInIndex = 0; path = "Layout-Practise.app"; sourceTree = BUILT_PRODUCTS_DIR; };
		F356E92D29CC9C5E00D90D5C /* AppDelegate.swift */ = {isa = PBXFileReference; lastKnownFileType = sourcecode.swift; path = AppDelegate.swift; sourceTree = "<group>"; };
		F356E92F29CC9C5E00D90D5C /* SceneDelegate.swift */ = {isa = PBXFileReference; lastKnownFileType = sourcecode.swift; path = SceneDelegate.swift; sourceTree = "<group>"; };
		F356E93129CC9C5E00D90D5C /* ViewControllerFirstScreen.swift */ = {isa = PBXFileReference; lastKnownFileType = sourcecode.swift; path = ViewControllerFirstScreen.swift; sourceTree = "<group>"; };
		F356E93429CC9C5E00D90D5C /* Base */ = {isa = PBXFileReference; lastKnownFileType = file.storyboard; name = Base; path = Base.lproj/Main.storyboard; sourceTree = "<group>"; };
		F356E93629CC9C6300D90D5C /* Assets.xcassets */ = {isa = PBXFileReference; lastKnownFileType = folder.assetcatalog; path = Assets.xcassets; sourceTree = "<group>"; };
		F356E93929CC9C6300D90D5C /* Base */ = {isa = PBXFileReference; lastKnownFileType = file.storyboard; name = Base; path = Base.lproj/LaunchScreen.storyboard; sourceTree = "<group>"; };
		F356E93B29CC9C6300D90D5C /* Info.plist */ = {isa = PBXFileReference; lastKnownFileType = text.plist.xml; path = Info.plist; sourceTree = "<group>"; };
		F356E94129CCABE800D90D5C /* ViewControllerSecondScreen.swift */ = {isa = PBXFileReference; lastKnownFileType = sourcecode.swift; path = ViewControllerSecondScreen.swift; sourceTree = "<group>"; };
		F356E94729CCAE6100D90D5C /* HelveticaNeueCyr-Light.ttf */ = {isa = PBXFileReference; lastKnownFileType = file; path = "HelveticaNeueCyr-Light.ttf"; sourceTree = "<group>"; };
		F356E94929CCAE9A00D90D5C /* HelveticaNeueCyr-Bold.ttf */ = {isa = PBXFileReference; lastKnownFileType = file; path = "HelveticaNeueCyr-Bold.ttf"; sourceTree = "<group>"; };
		F356E94B29CCAF4800D90D5C /* Rubik-Medium.ttf */ = {isa = PBXFileReference; lastKnownFileType = file; path = "Rubik-Medium.ttf"; sourceTree = "<group>"; };
		F356E94D29CCAF5500D90D5C /* Rubik-Regular.ttf */ = {isa = PBXFileReference; lastKnownFileType = file; path = "Rubik-Regular.ttf"; sourceTree = "<group>"; };
/* End PBXFileReference section */

/* Begin PBXFrameworksBuildPhase section */
		F356E92729CC9C5E00D90D5C /* Frameworks */ = {
			isa = PBXFrameworksBuildPhase;
			buildActionMask = 2147483647;
			files = (
			);
			runOnlyForDeploymentPostprocessing = 0;
		};
/* End PBXFrameworksBuildPhase section */

/* Begin PBXGroup section */
		F356E92129CC9C5E00D90D5C = {
			isa = PBXGroup;
			children = (
				F356E92C29CC9C5E00D90D5C /* Layout-Practise */,
				F356E92B29CC9C5E00D90D5C /* Products */,
			);
			sourceTree = "<group>";
		};
		F356E92B29CC9C5E00D90D5C /* Products */ = {
			isa = PBXGroup;
			children = (
				F356E92A29CC9C5E00D90D5C /* Layout-Practise.app */,
			);
			name = Products;
			sourceTree = "<group>";
		};
		F356E92C29CC9C5E00D90D5C /* Layout-Practise */ = {
			isa = PBXGroup;
			children = (
				F356E93829CC9C6300D90D5C /* LaunchScreen.storyboard */,
				F356E92D29CC9C5E00D90D5C /* AppDelegate.swift */,
				F356E92F29CC9C5E00D90D5C /* SceneDelegate.swift */,
				F356E94329CCAD1800D90D5C /* Screens */,
				F356E94629CCAD7900D90D5C /* Fonts */,
				F356E93629CC9C6300D90D5C /* Assets.xcassets */,
				F356E93B29CC9C6300D90D5C /* Info.plist */,
			);
			path = "Layout-Practise";
			sourceTree = "<group>";
		};
		F356E94329CCAD1800D90D5C /* Screens */ = {
			isa = PBXGroup;
			children = (
				F356E93329CC9C5E00D90D5C /* Main.storyboard */,
				F356E94429CCAD2600D90D5C /* FirstScreen */,
				F356E94529CCAD2D00D90D5C /* SecondScreen */,
			);
			path = Screens;
			sourceTree = "<group>";
		};
		F356E94429CCAD2600D90D5C /* FirstScreen */ = {
			isa = PBXGroup;
			children = (
				F356E93129CC9C5E00D90D5C /* ViewControllerFirstScreen.swift */,
			);
			path = FirstScreen;
			sourceTree = "<group>";
		};
		F356E94529CCAD2D00D90D5C /* SecondScreen */ = {
			isa = PBXGroup;
			children = (
				F356E94129CCABE800D90D5C /* ViewControllerSecondScreen.swift */,
			);
			path = SecondScreen;
			sourceTree = "<group>";
		};
		F356E94629CCAD7900D90D5C /* Fonts */ = {
			isa = PBXGroup;
			children = (
				F356E94D29CCAF5500D90D5C /* Rubik-Regular.ttf */,
				F356E94B29CCAF4800D90D5C /* Rubik-Medium.ttf */,
				F356E94929CCAE9A00D90D5C /* HelveticaNeueCyr-Bold.ttf */,
				F356E94729CCAE6100D90D5C /* HelveticaNeueCyr-Light.ttf */,
			);
			path = Fonts;
			sourceTree = "<group>";
		};
/* End PBXGroup section */

/* Begin PBXNativeTarget section */
		F356E92929CC9C5E00D90D5C /* Layout-Practise */ = {
			isa = PBXNativeTarget;
			buildConfigurationList = F356E93E29CC9C6300D90D5C /* Build configuration list for PBXNativeTarget "Layout-Practise" */;
			buildPhases = (
				F356E92629CC9C5E00D90D5C /* Sources */,
				F356E92729CC9C5E00D90D5C /* Frameworks */,
				F356E92829CC9C5E00D90D5C /* Resources */,
			);
			buildRules = (
			);
			dependencies = (
			);
			name = "Layout-Practise";
			productName = "Layout-Practise";
			productReference = F356E92A29CC9C5E00D90D5C /* Layout-Practise.app */;
			productType = "com.apple.product-type.application";
		};
/* End PBXNativeTarget section */

/* Begin PBXProject section */
		F356E92229CC9C5E00D90D5C /* Project object */ = {
			isa = PBXProject;
			attributes = {
				BuildIndependentTargetsInParallel = 1;
				LastSwiftUpdateCheck = 1420;
				LastUpgradeCheck = 1420;
				TargetAttributes = {
					F356E92929CC9C5E00D90D5C = {
						CreatedOnToolsVersion = 14.2;
					};
				};
			};
			buildConfigurationList = F356E92529CC9C5E00D90D5C /* Build configuration list for PBXProject "Layout-Practise" */;
			compatibilityVersion = "Xcode 14.0";
			developmentRegion = en;
			hasScannedForEncodings = 0;
			knownRegions = (
				en,
				Base,
			);
			mainGroup = F356E92129CC9C5E00D90D5C;
			productRefGroup = F356E92B29CC9C5E00D90D5C /* Products */;
			projectDirPath = "";
			projectRoot = "";
			targets = (
				F356E92929CC9C5E00D90D5C /* Layout-Practise */,
			);
		};
/* End PBXProject section */

/* Begin PBXResourcesBuildPhase section */
		F356E92829CC9C5E00D90D5C /* Resources */ = {
			isa = PBXResourcesBuildPhase;
			buildActionMask = 2147483647;
			files = (
				F356E93A29CC9C6300D90D5C /* LaunchScreen.storyboard in Resources */,
				F356E94E29CCAF5500D90D5C /* Rubik-Regular.ttf in Resources */,
				F356E93729CC9C6300D90D5C /* Assets.xcassets in Resources */,
				F356E93529CC9C5E00D90D5C /* Main.storyboard in Resources */,
				F356E94C29CCAF4800D90D5C /* Rubik-Medium.ttf in Resources */,
				F356E94829CCAE6100D90D5C /* HelveticaNeueCyr-Light.ttf in Resources */,
				F356E94A29CCAE9A00D90D5C /* HelveticaNeueCyr-Bold.ttf in Resources */,
			);
			runOnlyForDeploymentPostprocessing = 0;
		};
/* End PBXResourcesBuildPhase section */

/* Begin PBXSourcesBuildPhase section */
		F356E92629CC9C5E00D90D5C /* Sources */ = {
			isa = PBXSourcesBuildPhase;
			buildActionMask = 2147483647;
			files = (
				F356E94229CCABE800D90D5C /* ViewControllerSecondScreen.swift in Sources */,
				F356E93229CC9C5E00D90D5C /* ViewControllerFirstScreen.swift in Sources */,
				F356E92E29CC9C5E00D90D5C /* AppDelegate.swift in Sources */,
				F356E93029CC9C5E00D90D5C /* SceneDelegate.swift in Sources */,
			);
			runOnlyForDeploymentPostprocessing = 0;
		};
/* End PBXSourcesBuildPhase section */

/* Begin PBXVariantGroup section */
		F356E93329CC9C5E00D90D5C /* Main.storyboard */ = {
			isa = PBXVariantGroup;
			children = (
				F356E93429CC9C5E00D90D5C /* Base */,
			);
			name = Main.storyboard;
			sourceTree = "<group>";
		};
		F356E93829CC9C6300D90D5C /* LaunchScreen.storyboard */ = {
			isa = PBXVariantGroup;
			children = (
				F356E93929CC9C6300D90D5C /* Base */,
			);
			name = LaunchScreen.storyboard;
			sourceTree = "<group>";
		};
/* End PBXVariantGroup section */

/* Begin XCBuildConfiguration section */
		F356E93C29CC9C6300D90D5C /* Debug */ = {
			isa = XCBuildConfiguration;
			buildSettings = {
				ALWAYS_SEARCH_USER_PATHS = NO;
				CLANG_ANALYZER_NONNULL = YES;
				CLANG_ANALYZER_NUMBER_OBJECT_CONVERSION = YES_AGGRESSIVE;
				CLANG_CXX_LANGUAGE_STANDARD = "gnu++20";
				CLANG_ENABLE_MODULES = YES;
				CLANG_ENABLE_OBJC_ARC = YES;
				CLANG_ENABLE_OBJC_WEAK = YES;
				CLANG_WARN_BLOCK_CAPTURE_AUTORELEASING = YES;
				CLANG_WARN_BOOL_CONVERSION = YES;
				CLANG_WARN_COMMA = YES;
				CLANG_WARN_CONSTANT_CONVERSION = YES;
				CLANG_WARN_DEPRECATED_OBJC_IMPLEMENTATIONS = YES;
				CLANG_WARN_DIRECT_OBJC_ISA_USAGE = YES_ERROR;
				CLANG_WARN_DOCUMENTATION_COMMENTS = YES;
				CLANG_WARN_EMPTY_BODY = YES;
				CLANG_WARN_ENUM_CONVERSION = YES;
				CLANG_WARN_INFINITE_RECURSION = YES;
				CLANG_WARN_INT_CONVERSION = YES;
				CLANG_WARN_NON_LITERAL_NULL_CONVERSION = YES;
				CLANG_WARN_OBJC_IMPLICIT_RETAIN_SELF = YES;
				CLANG_WARN_OBJC_LITERAL_CONVERSION = YES;
				CLANG_WARN_OBJC_ROOT_CLASS = YES_ERROR;
				CLANG_WARN_QUOTED_INCLUDE_IN_FRAMEWORK_HEADER = YES;
				CLANG_WARN_RANGE_LOOP_ANALYSIS = YES;
				CLANG_WARN_STRICT_PROTOTYPES = YES;
				CLANG_WARN_SUSPICIOUS_MOVE = YES;
				CLANG_WARN_UNGUARDED_AVAILABILITY = YES_AGGRESSIVE;
				CLANG_WARN_UNREACHABLE_CODE = YES;
				CLANG_WARN__DUPLICATE_METHOD_MATCH = YES;
				COPY_PHASE_STRIP = NO;
				DEBUG_INFORMATION_FORMAT = dwarf;
				ENABLE_STRICT_OBJC_MSGSEND = YES;
				ENABLE_TESTABILITY = YES;
				GCC_C_LANGUAGE_STANDARD = gnu11;
				GCC_DYNAMIC_NO_PIC = NO;
				GCC_NO_COMMON_BLOCKS = YES;
				GCC_OPTIMIZATION_LEVEL = 0;
				GCC_PREPROCESSOR_DEFINITIONS = (
					"DEBUG=1",
					"$(inherited)",
				);
				GCC_WARN_64_TO_32_BIT_CONVERSION = YES;
				GCC_WARN_ABOUT_RETURN_TYPE = YES_ERROR;
				GCC_WARN_UNDECLARED_SELECTOR = YES;
				GCC_WARN_UNINITIALIZED_AUTOS = YES_AGGRESSIVE;
				GCC_WARN_UNUSED_FUNCTION = YES;
				GCC_WARN_UNUSED_VARIABLE = YES;
				IPHONEOS_DEPLOYMENT_TARGET = 16.2;
				MTL_ENABLE_DEBUG_INFO = INCLUDE_SOURCE;
				MTL_FAST_MATH = YES;
				ONLY_ACTIVE_ARCH = YES;
				SDKROOT = iphoneos;
				SWIFT_ACTIVE_COMPILATION_CONDITIONS = DEBUG;
				SWIFT_OPTIMIZATION_LEVEL = "-Onone";
			};
			name = Debug;
		};
		F356E93D29CC9C6300D90D5C /* Release */ = {
			isa = XCBuildConfiguration;
			buildSettings = {
				ALWAYS_SEARCH_USER_PATHS = NO;
				CLANG_ANALYZER_NONNULL = YES;
				CLANG_ANALYZER_NUMBER_OBJECT_CONVERSION = YES_AGGRESSIVE;
				CLANG_CXX_LANGUAGE_STANDARD = "gnu++20";
				CLANG_ENABLE_MODULES = YES;
				CLANG_ENABLE_OBJC_ARC = YES;
				CLANG_ENABLE_OBJC_WEAK = YES;
				CLANG_WARN_BLOCK_CAPTURE_AUTORELEASING = YES;
				CLANG_WARN_BOOL_CONVERSION = YES;
				CLANG_WARN_COMMA = YES;
				CLANG_WARN_CONSTANT_CONVERSION = YES;
				CLANG_WARN_DEPRECATED_OBJC_IMPLEMENTATIONS = YES;
				CLANG_WARN_DIRECT_OBJC_ISA_USAGE = YES_ERROR;
				CLANG_WARN_DOCUMENTATION_COMMENTS = YES;
				CLANG_WARN_EMPTY_BODY = YES;
				CLANG_WARN_ENUM_CONVERSION = YES;
				CLANG_WARN_INFINITE_RECURSION = YES;
				CLANG_WARN_INT_CONVERSION = YES;
				CLANG_WARN_NON_LITERAL_NULL_CONVERSION = YES;
				CLANG_WARN_OBJC_IMPLICIT_RETAIN_SELF = YES;
				CLANG_WARN_OBJC_LITERAL_CONVERSION = YES;
				CLANG_WARN_OBJC_ROOT_CLASS = YES_ERROR;
				CLANG_WARN_QUOTED_INCLUDE_IN_FRAMEWORK_HEADER = YES;
				CLANG_WARN_RANGE_LOOP_ANALYSIS = YES;
				CLANG_WARN_STRICT_PROTOTYPES = YES;
				CLANG_WARN_SUSPICIOUS_MOVE = YES;
				CLANG_WARN_UNGUARDED_AVAILABILITY = YES_AGGRESSIVE;
				CLANG_WARN_UNREACHABLE_CODE = YES;
				CLANG_WARN__DUPLICATE_METHOD_MATCH = YES;
				COPY_PHASE_STRIP = NO;
				DEBUG_INFORMATION_FORMAT = "dwarf-with-dsym";
				ENABLE_NS_ASSERTIONS = NO;
				ENABLE_STRICT_OBJC_MSGSEND = YES;
				GCC_C_LANGUAGE_STANDARD = gnu11;
				GCC_NO_COMMON_BLOCKS = YES;
				GCC_WARN_64_TO_32_BIT_CONVERSION = YES;
				GCC_WARN_ABOUT_RETURN_TYPE = YES_ERROR;
				GCC_WARN_UNDECLARED_SELECTOR = YES;
				GCC_WARN_UNINITIALIZED_AUTOS = YES_AGGRESSIVE;
				GCC_WARN_UNUSED_FUNCTION = YES;
				GCC_WARN_UNUSED_VARIABLE = YES;
				IPHONEOS_DEPLOYMENT_TARGET = 16.2;
				MTL_ENABLE_DEBUG_INFO = NO;
				MTL_FAST_MATH = YES;
				SDKROOT = iphoneos;
				SWIFT_COMPILATION_MODE = wholemodule;
				SWIFT_OPTIMIZATION_LEVEL = "-O";
				VALIDATE_PRODUCT = YES;
			};
			name = Release;
		};
		F356E93F29CC9C6300D90D5C /* Debug */ = {
			isa = XCBuildConfiguration;
			buildSettings = {
				ASSETCATALOG_COMPILER_APPICON_NAME = AppIcon;
				ASSETCATALOG_COMPILER_GLOBAL_ACCENT_COLOR_NAME = AccentColor;
				CODE_SIGN_STYLE = Automatic;
				CURRENT_PROJECT_VERSION = 1;
				DEVELOPMENT_TEAM = 8F9BJF9KQ5;
				GENERATE_INFOPLIST_FILE = YES;
				INFOPLIST_FILE = "Layout-Practise/Info.plist";
				INFOPLIST_KEY_UIApplicationSupportsIndirectInputEvents = YES;
				INFOPLIST_KEY_UILaunchStoryboardName = LaunchScreen;
				INFOPLIST_KEY_UIMainStoryboardFile = Main;
				INFOPLIST_KEY_UISupportedInterfaceOrientations_iPad = "UIInterfaceOrientationPortrait UIInterfaceOrientationPortraitUpsideDown UIInterfaceOrientationLandscapeLeft UIInterfaceOrientationLandscapeRight";
				INFOPLIST_KEY_UISupportedInterfaceOrientations_iPhone = "UIInterfaceOrientationPortrait UIInterfaceOrientationLandscapeLeft UIInterfaceOrientationLandscapeRight";
				LD_RUNPATH_SEARCH_PATHS = (
					"$(inherited)",
					"@executable_path/Frameworks",
				);
				MARKETING_VERSION = 1.0;
				PRODUCT_BUNDLE_IDENTIFIER = "tsu.Layout-Practise";
				PRODUCT_NAME = "$(TARGET_NAME)";
				SUPPORTED_PLATFORMS = "iphoneos iphonesimulator";
				SUPPORTS_MACCATALYST = NO;
				SUPPORTS_MAC_DESIGNED_FOR_IPHONE_IPAD = NO;
				SWIFT_EMIT_LOC_STRINGS = YES;
				SWIFT_VERSION = 5.0;
				TARGETED_DEVICE_FAMILY = 1;
			};
			name = Debug;
		};
		F356E94029CC9C6300D90D5C /* Release */ = {
			isa = XCBuildConfiguration;
			buildSettings = {
				ASSETCATALOG_COMPILER_APPICON_NAME = AppIcon;
				ASSETCATALOG_COMPILER_GLOBAL_ACCENT_COLOR_NAME = AccentColor;
				CODE_SIGN_STYLE = Automatic;
				CURRENT_PROJECT_VERSION = 1;
				DEVELOPMENT_TEAM = 8F9BJF9KQ5;
				GENERATE_INFOPLIST_FILE = YES;
				INFOPLIST_FILE = "Layout-Practise/Info.plist";
				INFOPLIST_KEY_UIApplicationSupportsIndirectInputEvents = YES;
				INFOPLIST_KEY_UILaunchStoryboardName = LaunchScreen;
				INFOPLIST_KEY_UIMainStoryboardFile = Main;
				INFOPLIST_KEY_UISupportedInterfaceOrientations_iPad = "UIInterfaceOrientationPortrait UIInterfaceOrientationPortraitUpsideDown UIInterfaceOrientationLandscapeLeft UIInterfaceOrientationLandscapeRight";
				INFOPLIST_KEY_UISupportedInterfaceOrientations_iPhone = "UIInterfaceOrientationPortrait UIInterfaceOrientationLandscapeLeft UIInterfaceOrientationLandscapeRight";
				LD_RUNPATH_SEARCH_PATHS = (
					"$(inherited)",
					"@executable_path/Frameworks",
				);
				MARKETING_VERSION = 1.0;
				PRODUCT_BUNDLE_IDENTIFIER = "tsu.Layout-Practise";
				PRODUCT_NAME = "$(TARGET_NAME)";
				SUPPORTED_PLATFORMS = "iphoneos iphonesimulator";
				SUPPORTS_MACCATALYST = NO;
				SUPPORTS_MAC_DESIGNED_FOR_IPHONE_IPAD = NO;
				SWIFT_EMIT_LOC_STRINGS = YES;
				SWIFT_VERSION = 5.0;
				TARGETED_DEVICE_FAMILY = 1;
			};
			name = Release;
		};
/* End XCBuildConfiguration section */

/* Begin XCConfigurationList section */
		F356E92529CC9C5E00D90D5C /* Build configuration list for PBXProject "Layout-Practise" */ = {
			isa = XCConfigurationList;
			buildConfigurations = (
				F356E93C29CC9C6300D90D5C /* Debug */,
				F356E93D29CC9C6300D90D5C /* Release */,
			);
			defaultConfigurationIsVisible = 0;
			defaultConfigurationName = Release;
		};
		F356E93E29CC9C6300D90D5C /* Build configuration list for PBXNativeTarget "Layout-Practise" */ = {
			isa = XCConfigurationList;
			buildConfigurations = (
				F356E93F29CC9C6300D90D5C /* Debug */,
				F356E94029CC9C6300D90D5C /* Release */,
			);
			defaultConfigurationIsVisible = 0;
			defaultConfigurationName = Release;
		};
/* End XCConfigurationList section */
	};
	rootObject = F356E92229CC9C5E00D90D5C /* Project object */;
}
